
Microsoft Visual Studio Solution File, Format Version 12.00
# Visual Studio Version 16
VisualStudioVersion = 16.0.29728.190
MinimumVisualStudioVersion = 10.0.40219.1
Project("{8BC9CEB8-8B4A-11D0-8D11-00A0C91BC942}") = "MazeSolver", "MazeSolver.vcxproj", "{12FC8E46-362B-4A92-822B-28752686B52D}"
EndProject
Global
	GlobalSection(SolutionConfigurationPlatforms) = preSolution
		Debug|x64 = Debug|x64
		Debug|x86 = Debug|x86
		Release|x64 = Release|x64
		Release|x86 = Release|x86
	EndGlobalSection
	GlobalSection(ProjectConfigurationPlatforms) = postSolution
		{12FC8E46-362B-4A92-822B-28752686B52D}.Debug|x64.ActiveCfg = Debug|x64
		{12FC8E46-362B-4A92-822B-28752686B52D}.Debug|x64.Build.0 = Debug|x64
		{12FC8E46-362B-4A92-822B-28752686B52D}.Debug|x86.ActiveCfg = Debug|x64
		{12FC8E46-362B-4A92-822B-28752686B52D}.Debug|x86.Build.0 = Debug|x64
		{12FC8E46-362B-4A92-822B-28752686B52D}.Release|x64.ActiveCfg = Debug|x64
		{12FC8E46-362B-4A92-822B-28752686B52D}.Release|x64.Build.0 = Debug|x64
		{12FC8E46-362B-4A92-822B-28752686B52D}.Release|x86.ActiveCfg = Debug|x64
		{12FC8E46-362B-4A92-822B-28752686B52D}.Release|x86.Build.0 = Debug|x64
	EndGlobalSection
	GlobalSection(SolutionProperties) = preSolution
		HideSolutionNode = FALSE
	EndGlobalSection
	GlobalSection(ExtensibilityGlobals) = postSolution
		SolutionGuid = {3EB841DF-3502-43AA-8E7E-19D977E90269}
	EndGlobalSection
EndGlobal
